
Microsoft Visual Studio Solution File, Format Version 12.00
# Visual Studio Version 17
VisualStudioVersion = 17.2.32526.322
MinimumVisualStudioVersion = 10.0.40219.1
Project("{FAE04EC0-301F-11D3-BF4B-00C04F79EFBC}") = "ApiPersonajeSG", "ApiPersonajeSG\ApiPersonajeSG.csproj", "{B451D95D-0172-4892-B33A-EE993FF529EA}"
EndProject
Global
	GlobalSection(SolutionConfigurationPlatforms) = preSolution
		Debug|Any CPU = Debug|Any CPU
		Release|Any CPU = Release|Any CPU
	EndGlobalSection
	GlobalSection(ProjectConfigurationPlatforms) = postSolution
		{B451D95D-0172-4892-B33A-EE993FF529EA}.Debug|Any CPU.ActiveCfg = Debug|Any CPU
		{B451D95D-0172-4892-B33A-EE993FF529EA}.Debug|Any CPU.Build.0 = Debug|Any CPU
		{B451D95D-0172-4892-B33A-EE993FF529EA}.Release|Any CPU.ActiveCfg = Release|Any CPU
		{B451D95D-0172-4892-B33A-EE993FF529EA}.Release|Any CPU.Build.0 = Release|Any CPU
	EndGlobalSection
	GlobalSection(SolutionProperties) = preSolution
		HideSolutionNode = FALSE
	EndGlobalSection
	GlobalSection(ExtensibilityGlobals) = postSolution
		SolutionGuid = {0DFA92E2-33DF-4BE4-91D0-6E0F23929BA6}
	EndGlobalSection
EndGlobal
